version = 1
revision = 3
requires-python = ">=3.12"

[[package]]
name = "db-portfolio-comparison"
version = "0.1.0"
source = { virtual = "." }
dependencies = [
    { name = "psycopg2-binary" },
    { name = "pymongo" },
]

[package.metadata]
requires-dist = [
    { name = "psycopg2-binary", specifier = ">=2.9.11" },
    { name = "pymongo", specifier = ">=4.16.0" },
]

[[package]]
name = "dnspython"
version = "2.8.0"
source = { registry = "https://pypi.org/simple" }
sdist = { url = "https://files.pythonhosted.org/packages/8c/8b/57666417c0f90f08bcafa776861060426765fdb422eb10212086fb811d26/dnspython-2.8.0.tar.gz", hash = "sha256:181d3c6996452cb1189c4046c61599b84a5a86e099562ffde77d26984ff26d0f", size = 368251, upload-time = "2025-09-07T18:58:00.022Z" }
wheels = [
    { url = "https://files.pythonhosted.org/packages/ba/5a/18ad964b0086c6e62e2e7500f7edc89e3faa45033c71c1893d34eed2b2de/dnspython-2.8.0-py3-none-any.whl", hash = "sha256:01d9bbc4a2d76bf0db7c1f729812ded6d912bd318d3b1cf81d30c0f845dbf3af", size = 331094, upload-time = "2025-09-07T18:57:58.071Z" },
]

[[package]]
name = "psycopg2-binary"
version = "2.9.11"
source = { registry = "https://pypi.org/simple" }
sdist = { url = "https://files.pythonhosted.org/packages/ac/6c/8767aaa597ba424643dc87348c6f1754dd9f48e80fdc1b9f7ca5c3a7c213/psycopg2-binary-2.9.11.tar.gz", hash = "sha256:b6aed9e096bf63f9e75edf2581aa9a7e7186d97ab5c177aa6c87797cd591236c", size = 379620, upload-time = "2025-10-10T11:14:48.041Z" }
wheels = [
    { url = "https://files.pythonhosted.org/packages/d8/91/f870a02f51be4a65987b45a7de4c2e1897dd0d01051e2b559a38fa634e3e/psycopg2_binary-2.9.11-cp312-cp312-macosx_10_13_x86_64.whl", hash = "sha256:be9b840ac0525a283a96b556616f5b4820e0526addb8dcf6525a0fa162730be4", size = 3756603, upload-time = "2025-10-10T11:11:52.213Z" },
    { url = "https://files.pythonhosted.org/packages/27/fa/cae40e06849b6c9a95eb5c04d419942f00d9eaac8d81626107461e268821/psycopg2_binary-2.9.11-cp312-cp312-macosx_11_0_arm64.whl", hash = "sha256:f090b7ddd13ca842ebfe301cd587a76a4cf0913b1e429eb92c1be5dbeb1a19bc", size = 3864509, upload-time = "2025-10-10T11:11:56.452Z" },
    { url = "https://files.pythonhosted.org/packages/2d/75/364847b879eb630b3ac8293798e380e441a957c53657995053c5ec39a316/psycopg2_binary-2.9.11-cp312-cp312-manylinux2014_aarch64.manylinux_2_17_aarch64.whl", hash = "sha256:ab8905b5dcb05bf3fb22e0cf90e10f469563486ffb6a96569e51f897c750a76a", size = 4411159, upload-time = "2025-10-10T11:12:00.49Z" },
    { url = "https://files.pythonhosted.org/packages/6f/a0/567f7ea38b6e1c62aafd58375665a547c00c608a471620c0edc364733e13/psycopg2_binary-2.9.11-cp312-cp312-manylinux2014_ppc64le.manylinux_2_17_ppc64le.whl", hash = "sha256:bf940cd7e7fec19181fdbc29d76911741153d51cab52e5c21165f3262125685e", size = 4468234, upload-time = "2025-10-10T11:12:04.892Z" },
    { url = "https://files.pythonhosted.org/packages/30/da/4e42788fb811bbbfd7b7f045570c062f49e350e1d1f3df056c3fb5763353/psycopg2_binary-2.9.11-cp312-cp312-manylinux2014_x86_64.manylinux_2_17_x86_64.whl", hash = "sha256:fa0f693d3c68ae925966f0b14b8edda71696608039f4ed61b1fe9ffa468d16db", size = 4166236, upload-time = "2025-10-10T11:12:11.674Z" },
    { url = "https://files.pythonhosted.org/packages/3c/94/c1777c355bc560992af848d98216148be5f1be001af06e06fc49cbded578/psycopg2_binary-2.9.11-cp312-cp312-manylinux_2_38_riscv64.manylinux_2_39_riscv64.whl", hash = "sha256:a1cf393f1cdaf6a9b57c0a719a1068ba1069f022a59b8b1fe44b006745b59757", size = 3983083, upload-time = "2025-10-30T02:55:15.73Z" },
    { url = "https://files.pythonhosted.org/packages/bd/42/c9a21edf0e3daa7825ed04a4a8588686c6c14904344344a039556d78aa58/psycopg2_binary-2.9.11-cp312-cp312-musllinux_1_2_aarch64.whl", hash = "sha256:ef7a6beb4beaa62f88592ccc65df20328029d721db309cb3250b0aae0fa146c3", size = 3652281, upload-time = "2025-10-10T11:12:17.713Z" },
    { url = "https://files.pythonhosted.org/packages/12/22/dedfbcfa97917982301496b6b5e5e6c5531d1f35dd2b488b08d1ebc52482/psycopg2_binary-2.9.11-cp312-cp312-musllinux_1_2_ppc64le.whl", hash = "sha256:31b32c457a6025e74d233957cc9736742ac5a6cb196c6b68499f6bb51390bd6a", size = 3298010, upload-time = "2025-10-10T11:12:22.671Z" },
    { url = "https://files.pythonhosted.org/packages/66/ea/d3390e6696276078bd01b2ece417deac954dfdd552d2edc3d03204416c0c/psycopg2_binary-2.9.11-cp312-cp312-musllinux_1_2_riscv64.whl", hash = "sha256:edcb3aeb11cb4bf13a2af3c53a15b3d612edeb6409047ea0b5d6a21a9d744b34", size = 3044641, upload-time = "2025-10-30T02:55:19.929Z" },
    { url = "https://files.pythonhosted.org/packages/12/9a/0402ded6cbd321da0c0ba7d34dc12b29b14f5764c2fc10750daa38e825fc/psycopg2_binary-2.9.11-cp312-cp312-musllinux_1_2_x86_64.whl", hash = "sha256:62b6d93d7c0b61a1dd6197d208ab613eb7dcfdcca0a49c42ceb082257991de9d", size = 3347940, upload-time = "2025-10-10T11:12:26.529Z" },
    { url = "https://files.pythonhosted.org/packages/b1/d2/99b55e85832ccde77b211738ff3925a5d73ad183c0b37bcbbe5a8ff04978/psycopg2_binary-2.9.11-cp312-cp312-win_amd64.whl", hash = "sha256:b33fabeb1fde21180479b2d4667e994de7bbf0eec22832ba5d9b5e4cf65b6c6d", size = 2714147, upload-time = "2025-10-10T11:12:29.535Z" },
    { url = "https://files.pythonhosted.org/packages/ff/a8/a2709681b3ac11b0b1786def10006b8995125ba268c9a54bea6f5ae8bd3e/psycopg2_binary-2.9.11-cp313-cp313-macosx_10_13_x86_64.whl", hash = "sha256:b8fb3db325435d34235b044b199e56cdf9ff41223a4b9752e8576465170bb38c", size = 3756572, upload-time = "2025-10-10T11:12:32.873Z" },
    { url = "https://files.pythonhosted.org/packages/62/e1/c2b38d256d0dafd32713e9f31982a5b028f4a3651f446be70785f484f472/psycopg2_binary-2.9.11-cp313-cp313-macosx_11_0_arm64.whl", hash = "sha256:366df99e710a2acd90efed3764bb1e28df6c675d33a7fb40df9b7281694432ee", size = 3864529, upload-time = "2025-10-10T11:12:36.791Z" },
    { url = "https://files.pythonhosted.org/packages/11/32/b2ffe8f3853c181e88f0a157c5fb4e383102238d73c52ac6d93a5c8bffe6/psycopg2_binary-2.9.11-cp313-cp313-manylinux2014_aarch64.manylinux_2_17_aarch64.whl", hash = "sha256:8c55b385daa2f92cb64b12ec4536c66954ac53654c7f15a203578da4e78105c0", size = 4411242, upload-time = "2025-10-10T11:12:42.388Z" },
    { url = "https://files.pythonhosted.org/packages/10/04/6ca7477e6160ae258dc96f67c371157776564679aefd247b66f4661501a2/psycopg2_binary-2.9.11-cp313-cp313-manylinux2014_ppc64le.manylinux_2_17_ppc64le.whl", hash = "sha256:c0377174bf1dd416993d16edc15357f6eb17ac998244cca19bc67cdc0e2e5766", size = 4468258, upload-time = "2025-10-10T11:12:48.654Z" },
    { url = "https://files.pythonhosted.org/packages/3c/7e/6a1a38f86412df101435809f225d57c1a021307dd0689f7a5e7fe83588b1/psycopg2_binary-2.9.11-cp313-cp313-manylinux2014_x86_64.manylinux_2_17_x86_64.whl", hash = "sha256:5c6ff3335ce08c75afaed19e08699e8aacf95d4a260b495a4a8545244fe2ceb3", size = 4166295, upload-time = "2025-10-10T11:12:52.525Z" },
    { url = "https://files.pythonhosted.org/packages/f2/7d/c07374c501b45f3579a9eb761cbf2604ddef3d96ad48679112c2c5aa9c25/psycopg2_binary-2.9.11-cp313-cp313-manylinux_2_38_riscv64.manylinux_2_39_riscv64.whl", hash = "sha256:84011ba3109e06ac412f95399b704d3d6950e386b7994475b231cf61eec2fc1f", size = 3983133, upload-time = "2025-10-30T02:55:24.329Z" },
    { url = "https://files.pythonhosted.org/packages/82/56/993b7104cb8345ad7d4516538ccf8f0d0ac640b1ebd8c754a7b024e76878/psycopg2_binary-2.9.11-cp313-cp313-musllinux_1_2_aarch64.whl", hash = "sha256:ba34475ceb08cccbdd98f6b46916917ae6eeb92b5ae111df10b544c3a4621dc4", size = 3652383, upload-time = "2025-10-10T11:12:56.387Z" },
    { url = "https://files.pythonhosted.org/packages/2d/ac/eaeb6029362fd8d454a27374d84c6866c82c33bfc24587b4face5a8e43ef/psycopg2_binary-2.9.11-cp313-cp313-musllinux_1_2_ppc64le.whl", hash = "sha256:b31e90fdd0f968c2de3b26ab014314fe814225b6c324f770952f7d38abf17e3c", size = 3298168, upload-time = "2025-10-10T11:13:00.403Z" },
    { url = "https://files.pythonhosted.org/packages/2b/39/50c3facc66bded9ada5cbc0de867499a703dc6bca6be03070b4e3b65da6c/psycopg2_binary-2.9.11-cp313-cp313-musllinux_1_2_riscv64.whl", hash = "sha256:d526864e0f67f74937a8fce859bd56c979f5e2ec57ca7c627f5f1071ef7fee60", size = 3044712, upload-time = "2025-10-30T02:55:27.975Z" },
    { url = "https://files.pythonhosted.org/packages/9c/8e/b7de019a1f562f72ada81081a12823d3c1590bedc48d7d2559410a2763fe/psycopg2_binary-2.9.11-cp313-cp313-musllinux_1_2_x86_64.whl", hash = "sha256:04195548662fa544626c8ea0f06561eb6203f1984ba5b4562764fbeb4c3d14b1", size = 3347549, upload-time = "2025-10-10T11:13:03.971Z" },
    { url = "https://files.pythonhosted.org/packages/80/2d/1bb683f64737bbb1f86c82b7359db1eb2be4e2c0c13b947f80efefa7d3e5/psycopg2_binary-2.9.11-cp313-cp313-win_amd64.whl", hash = "sha256:efff12b432179443f54e230fdf60de1f6cc726b6c832db8701227d089310e8aa", size = 2714215, upload-time = "2025-10-10T11:13:07.14Z" },
    { url = "https://files.pythonhosted.org/packages/64/12/93ef0098590cf51d9732b4f139533732565704f45bdc1ffa741b7c95fb54/psycopg2_binary-2.9.11-cp314-cp314-macosx_10_13_x86_64.whl", hash = "sha256:92e3b669236327083a2e33ccfa0d320dd01b9803b3e14dd986a4fc54aa00f4e1", size = 3756567, upload-time = "2025-10-10T11:13:11.885Z" },
    { url = "https://files.pythonhosted.org/packages/7c/a9/9d55c614a891288f15ca4b5209b09f0f01e3124056924e17b81b9fa054cc/psycopg2_binary-2.9.11-cp314-cp314-macosx_11_0_arm64.whl", hash = "sha256:e0deeb03da539fa3577fcb0b3f2554a97f7e5477c246098dbb18091a4a01c16f", size = 3864755, upload-time = "2025-10-10T11:13:17.727Z" },
    { url = "https://files.pythonhosted.org/packages/13/1e/98874ce72fd29cbde93209977b196a2edae03f8490d1bd8158e7f1daf3a0/psycopg2_binary-2.9.11-cp314-cp314-manylinux2014_aarch64.manylinux_2_17_aarch64.whl", hash = "sha256:9b52a3f9bb540a3e4ec0f6ba6d31339727b2950c9772850d6545b7eae0b9d7c5", size = 4411646, upload-time = "2025-10-10T11:13:24.432Z" },
    { url = "https://files.pythonhosted.org/packages/5a/bd/a335ce6645334fb8d758cc358810defca14a1d19ffbc8a10bd38a2328565/psycopg2_binary-2.9.11-cp314-cp314-manylinux2014_ppc64le.manylinux_2_17_ppc64le.whl", hash = "sha256:db4fd476874ccfdbb630a54426964959e58da4c61c9feba73e6094d51303d7d8", size = 4468701, upload-time = "2025-10-10T11:13:29.266Z" },
    { url = "https://files.pythonhosted.org/packages/44/d6/c8b4f53f34e295e45709b7568bf9b9407a612ea30387d35eb9fa84f269b4/psycopg2_binary-2.9.11-cp314-cp314-manylinux2014_x86_64.manylinux_2_17_x86_64.whl", hash = "sha256:47f212c1d3be608a12937cc131bd85502954398aaa1320cb4c14421a0ffccf4c", size = 4166293, upload-time = "2025-10-10T11:13:33.336Z" },
    { url = "https://files.pythonhosted.org/packages/4b/e0/f8cc36eadd1b716ab36bb290618a3292e009867e5c97ce4aba908cb99644/psycopg2_binary-2.9.11-cp314-cp314-manylinux_2_38_riscv64.manylinux_2_39_riscv64.whl", hash = "sha256:e35b7abae2b0adab776add56111df1735ccc71406e56203515e228a8dc07089f", size = 3983184, upload-time = "2025-10-30T02:55:32.483Z" },
    { url = "https://files.pythonhosted.org/packages/53/3e/2a8fe18a4e61cfb3417da67b6318e12691772c0696d79434184a511906dc/psycopg2_binary-2.9.11-cp314-cp314-musllinux_1_2_aarch64.whl", hash = "sha256:fcf21be3ce5f5659daefd2b3b3b6e4727b028221ddc94e6c1523425579664747", size = 3652650, upload-time = "2025-10-10T11:13:38.181Z" },
    { url = "https://files.pythonhosted.org/packages/76/36/03801461b31b29fe58d228c24388f999fe814dfc302856e0d17f97d7c54d/psycopg2_binary-2.9.11-cp314-cp314-musllinux_1_2_ppc64le.whl", hash = "sha256:9bd81e64e8de111237737b29d68039b9c813bdf520156af36d26819c9a979e5f", size = 3298663, upload-time = "2025-10-10T11:13:44.878Z" },
    { url = "https://files.pythonhosted.org/packages/97/77/21b0ea2e1a73aa5fa9222b2a6b8ba325c43c3a8d54272839c991f2345656/psycopg2_binary-2.9.11-cp314-cp314-musllinux_1_2_riscv64.whl", hash = "sha256:32770a4d666fbdafab017086655bcddab791d7cb260a16679cc5a7338b64343b", size = 3044737, upload-time = "2025-10-30T02:55:35.69Z" },
    { url = "https://files.pythonhosted.org/packages/67/69/f36abe5f118c1dca6d3726ceae164b9356985805480731ac6712a63f24f0/psycopg2_binary-2.9.11-cp314-cp314-musllinux_1_2_x86_64.whl", hash = "sha256:c3cb3a676873d7506825221045bd70e0427c905b9c8ee8d6acd70cfcbd6e576d", size = 3347643, upload-time = "2025-10-10T11:13:53.499Z" },
    { url = "https://files.pythonhosted.org/packages/e1/36/9c0c326fe3a4227953dfb29f5d0c8ae3b8eb8c1cd2967aa569f50cb3c61f/psycopg2_binary-2.9.11-cp314-cp314-win_amd64.whl", hash = "sha256:4012c9c954dfaccd28f94e84ab9f94e12df76b4afb22331b1f0d3154893a6316", size = 2803913, upload-time = "2025-10-10T11:13:57.058Z" },
]

[[package]]
name = "pymongo"
version = "4.16.0"
source = { registry = "https://pypi.org/simple" }
dependencies = [
    { name = "dnspython" },
]
sdist = { url = "https://files.pythonhosted.org/packages/65/9c/a4895c4b785fc9865a84a56e14b5bd21ca75aadc3dab79c14187cdca189b/pymongo-4.16.0.tar.gz", hash = "sha256:8ba8405065f6e258a6f872fe62d797a28f383a12178c7153c01ed04e845c600c", size = 2495323, upload-time = "2026-01-07T18:05:48.107Z" }
wheels = [
    { url = "https://files.pythonhosted.org/packages/6a/03/6dd7c53cbde98de469a3e6fb893af896dca644c476beb0f0c6342bcc368b/pymongo-4.16.0-cp312-cp312-macosx_10_13_x86_64.whl", hash = "sha256:bd4911c40a43a821dfd93038ac824b756b6e703e26e951718522d29f6eb166a8", size = 917619, upload-time = "2026-01-07T18:04:19.173Z" },
    { url = "https://files.pythonhosted.org/packages/73/e1/328915f2734ea1f355dc9b0e98505ff670f5fab8be5e951d6ed70971c6aa/pymongo-4.16.0-cp312-cp312-macosx_11_0_arm64.whl", hash = "sha256:25a6b03a68f9907ea6ec8bc7cf4c58a1b51a18e23394f962a6402f8e46d41211", size = 917364, upload-time = "2026-01-07T18:04:20.861Z" },
    { url = "https://files.pythonhosted.org/packages/41/fe/4769874dd9812a1bc2880a9785e61eba5340da966af888dd430392790ae0/pymongo-4.16.0-cp312-cp312-manylinux1_i686.manylinux_2_28_i686.manylinux_2_5_i686.whl", hash = "sha256:91ac0cb0fe2bf17616c2039dac88d7c9a5088f5cb5829b27c9d250e053664d31", size = 1686901, upload-time = "2026-01-07T18:04:22.219Z" },
    { url = "https://files.pythonhosted.org/packages/fa/8d/15707b9669fdc517bbc552ac60da7124dafe7ac1552819b51e97ed4038b4/pymongo-4.16.0-cp312-cp312-manylinux2014_aarch64.manylinux_2_17_aarch64.manylinux_2_28_aarch64.whl", hash = "sha256:cf0ec79e8ca7077f455d14d915d629385153b6a11abc0b93283ed73a8013e376", size = 1723034, upload-time = "2026-01-07T18:04:24.055Z" },
    { url = "https://files.pythonhosted.org/packages/5b/af/3d5d16ff11d447d40c1472da1b366a31c7380d7ea2922a449c7f7f495567/pymongo-4.16.0-cp312-cp312-manylinux2014_ppc64le.manylinux_2_17_ppc64le.manylinux_2_28_ppc64le.whl", hash = "sha256:2d0082631a7510318befc2b4fdab140481eb4b9dd62d9245e042157085da2a70", size = 1797161, upload-time = "2026-01-07T18:04:25.964Z" },
    { url = "https://files.pythonhosted.org/packages/fb/04/725ab8664eeec73ec125b5a873448d80f5d8cf2750aaaf804cbc538a50a5/pymongo-4.16.0-cp312-cp312-manylinux2014_s390x.manylinux_2_17_s390x.manylinux_2_28_s390x.whl", hash = "sha256:85dc2f3444c346ea019a371e321ac868a4fab513b7a55fe368f0cc78de8177cc", size = 1780938, upload-time = "2026-01-07T18:04:28.745Z" },
    { url = "https://files.pythonhosted.org/packages/22/50/dd7e9095e1ca35f93c3c844c92eb6eb0bc491caeb2c9bff3b32fe3c9b18f/pymongo-4.16.0-cp312-cp312-manylinux2014_x86_64.manylinux_2_17_x86_64.manylinux_2_28_x86_64.whl", hash = "sha256:dabbf3c14de75a20cc3c30bf0c6527157224a93dfb605838eabb1a2ee3be008d", size = 1714342, upload-time = "2026-01-07T18:04:30.331Z" },
    { url = "https://files.pythonhosted.org/packages/03/c9/542776987d5c31ae8e93e92680ea2b6e5a2295f398b25756234cabf38a39/pymongo-4.16.0-cp312-cp312-win32.whl", hash = "sha256:60307bb91e0ab44e560fe3a211087748b2b5f3e31f403baf41f5b7b0a70bd104", size = 887868, upload-time = "2026-01-07T18:04:32.124Z" },
    { url = "https://files.pythonhosted.org/packages/2e/d4/b4045a7ccc5680fb496d01edf749c7a9367cc8762fbdf7516cf807ef679b/pymongo-4.16.0-cp312-cp312-win_amd64.whl", hash = "sha256:f513b2c6c0d5c491f478422f6b5b5c27ac1af06a54c93ef8631806f7231bd92e", size = 907554, upload-time = "2026-01-07T18:04:33.685Z" },
    { url = "https://files.pythonhosted.org/packages/60/4c/33f75713d50d5247f2258405142c0318ff32c6f8976171c4fcae87a9dbdf/pymongo-4.16.0-cp312-cp312-win_arm64.whl", hash = "sha256:dfc320f08ea9a7ec5b2403dc4e8150636f0d6150f4b9792faaae539c88e7db3b", size = 892971, upload-time = "2026-01-07T18:04:35.594Z" },
    { url = "https://files.pythonhosted.org/packages/47/84/148d8b5da8260f4679d6665196ae04ab14ffdf06f5fe670b0ab11942951f/pymongo-4.16.0-cp313-cp313-macosx_10_13_x86_64.whl", hash = "sha256:d15f060bc6d0964a8bb70aba8f0cb6d11ae99715438f640cff11bbcf172eb0e8", size = 972009, upload-time = "2026-01-07T18:04:38.303Z" },
    { url = "https://files.pythonhosted.org/packages/1e/5e/9f3a8daf583d0adaaa033a3e3e58194d2282737dc164014ff33c7a081103/pymongo-4.16.0-cp313-cp313-macosx_11_0_arm64.whl", hash = "sha256:4a19ea46a0fe71248965305a020bc076a163311aefbaa1d83e47d06fa30ac747", size = 971784, upload-time = "2026-01-07T18:04:39.669Z" },
    { url = "https://files.pythonhosted.org/packages/ad/f2/b6c24361fcde24946198573c0176406bfd5f7b8538335f3d939487055322/pymongo-4.16.0-cp313-cp313-manylinux1_i686.manylinux_2_28_i686.manylinux_2_5_i686.whl", hash = "sha256:311d4549d6bf1f8c61d025965aebb5ba29d1481dc6471693ab91610aaffbc0eb", size = 1947174, upload-time = "2026-01-07T18:04:41.368Z" },
    { url = "https://files.pythonhosted.org/packages/47/1a/8634192f98cf740b3d174e1018dd0350018607d5bd8ac35a666dc49c732b/pymongo-4.16.0-cp313-cp313-manylinux2014_aarch64.manylinux_2_17_aarch64.manylinux_2_28_aarch64.whl", hash = "sha256:46ffb728d92dd5b09fc034ed91acf5595657c7ca17d4cf3751322cd554153c17", size = 1991727, upload-time = "2026-01-07T18:04:42.965Z" },
    { url = "https://files.pythonhosted.org/packages/5a/2f/0c47ac84572b28e23028a23a3798a1f725e1c23b0cf1c1424678d16aff42/pymongo-4.16.0-cp313-cp313-manylinux2014_ppc64le.manylinux_2_17_ppc64le.manylinux_2_28_ppc64le.whl", hash = "sha256:acda193f440dd88c2023cb00aa8bd7b93a9df59978306d14d87a8b12fe426b05", size = 2082497, upload-time = "2026-01-07T18:04:44.652Z" },
    { url = "https://files.pythonhosted.org/packages/ba/57/9f46ef9c862b2f0cf5ce798f3541c201c574128d31ded407ba4b3918d7b6/pymongo-4.16.0-cp313-cp313-manylinux2014_s390x.manylinux_2_17_s390x.manylinux_2_28_s390x.whl", hash = "sha256:5d9fdb386cf958e6ef6ff537d6149be7edb76c3268cd6833e6c36aa447e4443f", size = 2064947, upload-time = "2026-01-07T18:04:46.228Z" },
    { url = "https://files.pythonhosted.org/packages/b8/56/5421c0998f38e32288100a07f6cb2f5f9f352522157c901910cb2927e211/pymongo-4.16.0-cp313-cp313-manylinux2014_x86_64.manylinux_2_17_x86_64.manylinux_2_28_x86_64.whl", hash = "sha256:91899dd7fb9a8c50f09c3c1cf0cb73bfbe2737f511f641f19b9650deb61c00ca", size = 1980478, upload-time = "2026-01-07T18:04:48.017Z" },
    { url = "https://files.pythonhosted.org/packages/92/93/bfc448d025e12313a937d6e1e0101b50cc9751636b4b170e600fe3203063/pymongo-4.16.0-cp313-cp313-win32.whl", hash = "sha256:2cd60cd1e05de7f01927f8e25ca26b3ea2c09de8723241e5d3bcfdc70eaff76b", size = 934672, upload-time = "2026-01-07T18:04:49.538Z" },
    { url = "https://files.pythonhosted.org/packages/96/10/12710a5e01218d50c3dd165fd72c5ed2699285f77348a3b1a119a191d826/pymongo-4.16.0-cp313-cp313-win_amd64.whl", hash = "sha256:3ead8a0050c53eaa55935895d6919d393d0328ec24b2b9115bdbe881aa222673", size = 959237, upload-time = "2026-01-07T18:04:51.382Z" },
    { url = "https://files.pythonhosted.org/packages/0c/56/d288bcd1d05bc17ec69df1d0b1d67bc710c7c5dbef86033a5a4d2e2b08e6/pymongo-4.16.0-cp313-cp313-win_arm64.whl", hash = "sha256:dbbc5b254c36c37d10abb50e899bc3939bbb7ab1e7c659614409af99bd3e7675", size = 940909, upload-time = "2026-01-07T18:04:52.904Z" },
    { url = "https://files.pythonhosted.org/packages/30/9e/4d343f8d0512002fce17915a89477b9f916bda1205729e042d8f23acf194/pymongo-4.16.0-cp314-cp314-macosx_10_15_x86_64.whl", hash = "sha256:8a254d49a9ffe9d7f888e3c677eed3729b14ce85abb08cd74732cead6ccc3c66", size = 1026634, upload-time = "2026-01-07T18:04:54.359Z" },
    { url = "https://files.pythonhosted.org/packages/c3/e3/341f88c5535df40c0450fda915f582757bb7d988cdfc92990a5e27c4c324/pymongo-4.16.0-cp314-cp314-macosx_11_0_arm64.whl", hash = "sha256:a1bf44e13cf2d44d2ea2e928a8140d5d667304abe1a61c4d55b4906f389fbe64", size = 1026252, upload-time = "2026-01-07T18:04:56.642Z" },
    { url = "https://files.pythonhosted.org/packages/af/64/9471b22eb98f0a2ca0b8e09393de048502111b2b5b14ab1bd9e39708aab5/pymongo-4.16.0-cp314-cp314-manylinux1_i686.manylinux_2_28_i686.manylinux_2_5_i686.whl", hash = "sha256:f1c5f1f818b669875d191323a48912d3fcd2e4906410e8297bb09ac50c4d5ccc", size = 2207399, upload-time = "2026-01-07T18:04:58.255Z" },
    { url = "https://files.pythonhosted.org/packages/87/ac/47c4d50b25a02f21764f140295a2efaa583ee7f17992a5e5fa542b3a690f/pymongo-4.16.0-cp314-cp314-manylinux2014_aarch64.manylinux_2_17_aarch64.manylinux_2_28_aarch64.whl", hash = "sha256:77cfd37a43a53b02b7bd930457c7994c924ad8bbe8dff91817904bcbf291b371", size = 2260595, upload-time = "2026-01-07T18:04:59.788Z" },
    { url = "https://files.pythonhosted.org/packages/ee/1b/0ce1ce9dd036417646b2fe6f63b58127acff3cf96eeb630c34ec9cd675ff/pymongo-4.16.0-cp314-cp314-manylinux2014_ppc64le.manylinux_2_17_ppc64le.manylinux_2_28_ppc64le.whl", hash = "sha256:36ef2fee50eee669587d742fb456e349634b4fcf8926208766078b089054b24b", size = 2366958, upload-time = "2026-01-07T18:05:01.942Z" },
    { url = "https://files.pythonhosted.org/packages/3e/3c/a5a17c0d413aa9d6c17bc35c2b472e9e79cda8068ba8e93433b5f43028e9/pymongo-4.16.0-cp314-cp314-manylinux2014_s390x.manylinux_2_17_s390x.manylinux_2_28_s390x.whl", hash = "sha256:55f8d5a6fe2fa0b823674db2293f92d74cd5f970bc0360f409a1fc21003862d3", size = 2346081, upload-time = "2026-01-07T18:05:03.576Z" },
    { url = "https://files.pythonhosted.org/packages/65/19/f815533d1a88fb8a3b6c6e895bb085ffdae68ccb1e6ed7102202a307f8e2/pymongo-4.16.0-cp314-cp314-manylinux2014_x86_64.manylinux_2_17_x86_64.manylinux_2_28_x86_64.whl", hash = "sha256:9caacac0dd105e2555521002e2d17afc08665187017b466b5753e84c016628e6", size = 2246053, upload-time = "2026-01-07T18:05:05.459Z" },
    { url = "https://files.pythonhosted.org/packages/c6/88/4be3ec78828dc64b212c123114bd6ae8db5b7676085a7b43cc75d0131bd2/pymongo-4.16.0-cp314-cp314-win32.whl", hash = "sha256:c789236366525c3ee3cd6e4e450a9ff629a7d1f4d88b8e18a0aea0615fd7ecf8", size = 989461, upload-time = "2026-01-07T18:05:07.018Z" },
    { url = "https://files.pythonhosted.org/packages/af/5a/ab8d5af76421b34db483c9c8ebc3a2199fb80ae63dc7e18f4cf1df46306a/pymongo-4.16.0-cp314-cp314-win_amd64.whl", hash = "sha256:2b0714d7764efb29bf9d3c51c964aed7c4c7237b341f9346f15ceaf8321fdb35", size = 1017803, upload-time = "2026-01-07T18:05:08.499Z" },
    { url = "https://files.pythonhosted.org/packages/f6/f4/98d68020728ac6423cf02d17cfd8226bf6cce5690b163d30d3f705e8297e/pymongo-4.16.0-cp314-cp314-win_arm64.whl", hash = "sha256:12762e7cc0f8374a8cae3b9f9ed8dabb5d438c7b33329232dd9b7de783454033", size = 997184, upload-time = "2026-01-07T18:05:09.944Z" },
    { url = "https://files.pythonhosted.org/packages/50/00/dc3a271daf06401825b9c1f4f76f018182c7738281ea54b9762aea0560c1/pymongo-4.16.0-cp314-cp314t-macosx_10_15_x86_64.whl", hash = "sha256:1c01e8a7cd0ea66baf64a118005535ab5bf9f9eb63a1b50ac3935dccf9a54abe", size = 1083303, upload-time = "2026-01-07T18:05:11.702Z" },
    { url = "https://files.pythonhosted.org/packages/b8/4b/b5375ee21d12eababe46215011ebc63801c0d2c5ffdf203849d0d79f9852/pymongo-4.16.0-cp314-cp314t-macosx_11_0_arm64.whl", hash = "sha256:4c4872299ebe315a79f7f922051061634a64fda95b6b17677ba57ef00b2ba2a4", size = 1083233, upload-time = "2026-01-07T18:05:13.182Z" },
    { url = "https://files.pythonhosted.org/packages/ee/e3/52efa3ca900622c7dcb56c5e70f15c906816d98905c22d2ee1f84d9a7b60/pymongo-4.16.0-cp314-cp314t-manylinux1_i686.manylinux_2_28_i686.manylinux_2_5_i686.whl", hash = "sha256:78037d02389745e247fe5ab0bcad5d1ab30726eaac3ad79219c7d6bbb07eec53", size = 2527438, upload-time = "2026-01-07T18:05:14.981Z" },
    { url = "https://files.pythonhosted.org/packages/cb/96/43b1be151c734e7766c725444bcbfa1de6b60cc66bfb406203746839dd25/pymongo-4.16.0-cp314-cp314t-manylinux2014_aarch64.manylinux_2_17_aarch64.manylinux_2_28_aarch64.whl", hash = "sha256:c126fb72be2518395cc0465d4bae03125119136462e1945aea19840e45d89cfc", size = 2600399, upload-time = "2026-01-07T18:05:16.794Z" },
    { url = "https://files.pythonhosted.org/packages/e7/62/fa64a5045dfe3a1cd9217232c848256e7bc0136cffb7da4735c5e0d30e40/pymongo-4.16.0-cp314-cp314t-manylinux2014_ppc64le.manylinux_2_17_ppc64le.manylinux_2_28_ppc64le.whl", hash = "sha256:f3867dc225d9423c245a51eaac2cfcd53dde8e0a8d8090bb6aed6e31bd6c2d4f", size = 2720960, upload-time = "2026-01-07T18:05:18.498Z" },
    { url = "https://files.pythonhosted.org/packages/54/7b/01577eb97e605502821273a5bc16ce0fb0be5c978fe03acdbff471471202/pymongo-4.16.0-cp314-cp314t-manylinux2014_s390x.manylinux_2_17_s390x.manylinux_2_28_s390x.whl", hash = "sha256:f25001a955073b80510c0c3db0e043dbbc36904fd69e511c74e3d8640b8a5111", size = 2699344, upload-time = "2026-01-07T18:05:20.073Z" },
    { url = "https://files.pythonhosted.org/packages/55/68/6ef6372d516f703479c3b6cbbc45a5afd307173b1cbaccd724e23919bb1a/pymongo-4.16.0-cp314-cp314t-manylinux2014_x86_64.manylinux_2_17_x86_64.manylinux_2_28_x86_64.whl", hash = "sha256:9d9885aad05f82fd7ea0c9ca505d60939746b39263fa273d0125170da8f59098", size = 2577133, upload-time = "2026-01-07T18:05:22.052Z" },
    { url = "https://files.pythonhosted.org/packages/15/c7/b5337093bb01da852f945802328665f85f8109dbe91d81ea2afe5ff059b9/pymongo-4.16.0-cp314-cp314t-win32.whl", hash = "sha256:948152b30eddeae8355495f9943a3bf66b708295c0b9b6f467de1c620f215487", size = 1040560, upload-time = "2026-01-07T18:05:23.888Z" },
    { url = "https://files.pythonhosted.org/packages/96/8c/5b448cd1b103f3889d5713dda37304c81020ff88e38a826e8a75ddff4610/pymongo-4.16.0-cp314-cp314t-win_amd64.whl", hash = "sha256:f6e42c1bc985d9beee884780ae6048790eb4cd565c46251932906bdb1630034a", size = 1075081, upload-time = "2026-01-07T18:05:26.874Z" },
    { url = "https://files.pythonhosted.org/packages/32/cd/ddc794cdc8500f6f28c119c624252fb6dfb19481c6d7ed150f13cf468a6d/pymongo-4.16.0-cp314-cp314t-win_arm64.whl", hash = "sha256:6b2a20edb5452ac8daa395890eeb076c570790dfce6b7a44d788af74c2f8cf96", size = 1047725, upload-time = "2026-01-07T18:05:28.47Z" },
]
